{
  "pins" : [
    {
      "identity" : "texture",
      "kind" : "remoteSourceControl",
      "location" : "https://github.com/FluidGroup/Texture.git",
      "state" : {
        "revision" : "68df47f0d26522da76b06f22e9a97e4d4ab58dad",
        "version" : "3.0.2"
      }
    }
  ],
  "version" : 2
}
