PODS:
  - EasyPeasy (1.10.0)
  - MondrianLayout (0.0.16)
  - Reveal-SDK (31)
  - StackScrollView (1.6.1)
  - StorybookKit (1.7.0)
  - StorybookKitTextureSupport (1.7.0):
    - StorybookKit (>= 1.7.0)
    - Texture/Core (>= 3.0.0)
    - TextureBridging (>= 3.0.1)
    - TextureSwiftSupport (>= 3.9.0)
  - StorybookUI (1.7.0):
    - StorybookKit (>= 1.3.0)
  - Texture/Core (3.0.0)
  - TextureBridging (3.0.1):
    - Texture/Core (~> 3)
  - TextureSwiftSupport (3.12.0):
    - Texture/Core (>= 3)
    - TextureSwiftSupport/Components (= 3.12.0)
    - TextureSwiftSupport/Experiments (= 3.12.0)
    - TextureSwiftSupport/Extensions (= 3.12.0)
    - TextureSwiftSupport/LayoutSpecBuilders (= 3.12.0)
  - TextureSwiftSupport/Components (3.12.0):
    - Texture/Core (>= 3)
    - TextureSwiftSupport/LayoutSpecBuilders
  - TextureSwiftSupport/Experiments (3.12.0):
    - Texture/Core (>= 3)
  - TextureSwiftSupport/Extensions (3.12.0):
    - Texture/Core (>= 3)
  - TextureSwiftSupport/LayoutSpecBuilders (3.12.0):
    - Texture/Core (>= 3)
  - TypedTextAttributes (1.2.0)

DEPENDENCIES:
  - EasyPeasy
  - MondrianLayout
  - Reveal-SDK
  - StackScrollView
  - StorybookKit
  - StorybookKitTextureSupport
  - StorybookUI
  - Texture/Core
  - TextureSwiftSupport
  - TypedTextAttributes

SPEC REPOS:
  trunk:
    - EasyPeasy
    - MondrianLayout
    - Reveal-SDK
    - StackScrollView
    - StorybookKit
    - StorybookKitTextureSupport
    - StorybookUI
    - Texture
    - TextureBridging
    - TextureSwiftSupport
    - TypedTextAttributes

SPEC CHECKSUMS:
  EasyPeasy: b9b1bae024d21a7dfa9bad26d6826d88348cc6f1
  MondrianLayout: 549678b3b130348df3227dd61794d7a07a68744d
  Reveal-SDK: 62ae124d57732c4fe7e88635274ca24054dd2d29
  StackScrollView: 147b641af68be5e230d291b898218b9386cf5329
  StorybookKit: 6821c796c7abd909ea370dbf86eb7bd5087a9e04
  StorybookKitTextureSupport: 2fe047a155f87dedff413247ce1d53e26e726a1e
  StorybookUI: aa60ba1ea5a169f39134822cddd2248f3840b79e
  Texture: 2f109e937850d94d1d07232041c9c7313ccddb81
  TextureBridging: b4035a6a9e64d061f3238f3dc08abd36b8eff8f7
  TextureSwiftSupport: bab3c5e811edf9dc32eb28db447723b9eee30b61
  TypedTextAttributes: 624acbbc3bd067453d76f7408c6d6c5f0964d51b

PODFILE CHECKSUM: b2c14685ebd9924bd8827f6218c45382d4db0fb3

COCOAPODS: 1.11.2
