PODS:
  - EasyPeasy (1.10.0)
  - Reveal-SDK (28)
  - StackScrollView (1.6.1)
  - Texture/Core (3.0.0)
  - TextureSwiftSupport (3.8.0):
    - Texture/Core (>= 3)
    - TextureSwiftSupport/Components (= 3.8.0)
    - TextureSwiftSupport/Experiments (= 3.8.0)
    - TextureSwiftSupport/Extensions (= 3.8.0)
    - TextureSwiftSupport/LayoutSpecBuilders (= 3.8.0)
  - TextureSwiftSupport/Components (3.8.0):
    - Texture/Core (>= 3)
    - TextureSwiftSupport/LayoutSpecBuilders
  - TextureSwiftSupport/Experiments (3.8.0):
    - Texture/Core (>= 3)
  - TextureSwiftSupport/Extensions (3.8.0):
    - Texture/Core (>= 3)
  - TextureSwiftSupport/LayoutSpecBuilders (3.8.0):
    - Texture/Core (>= 3)
  - TypedTextAttributes (1.1.0)

DEPENDENCIES:
  - EasyPeasy
  - Reveal-SDK
  - StackScrollView
  - Texture/Core
  - TextureSwiftSupport
  - TypedTextAttributes

SPEC REPOS:
  trunk:
    - EasyPeasy
    - Reveal-SDK
    - StackScrollView
    - Texture
    - TextureSwiftSupport
    - TypedTextAttributes

SPEC CHECKSUMS:
  EasyPeasy: b9b1bae024d21a7dfa9bad26d6826d88348cc6f1
  Reveal-SDK: 1a2a678648fc4d277bad71c86d15530424324288
  StackScrollView: 147b641af68be5e230d291b898218b9386cf5329
  Texture: 2f109e937850d94d1d07232041c9c7313ccddb81
  TextureSwiftSupport: 60449bfcf95cd5fc0c331f3f753810365172aa87
  TypedTextAttributes: fc3a5a8c4a7a28304446f8c5e8af146d11c2163a

PODFILE CHECKSUM: dec60cd2be7cdaf4cee05f89f703dd009f3be229

COCOAPODS: 1.12.1
