// !$*UTF8*$!
{
	archiveVersion = 1;
	classes = {
	};
	objectVersion = 50;
	objects = {

/* Begin PBXBuildFile section */
		144DA2BFB5453DB6F8B3677A /* Pods_TextureBridgingDemo.framework in Frameworks */ = {isa = PBXBuildFile; fileRef = 447511A282EFE97220D4030B /* Pods_TextureBridgingDemo.framework */; };
		4B5E3513228BEF4700E6B966 /* NodeView.swift in Sources */ = {isa = PBXBuildFile; fileRef = 4B5E3512228BEF4700E6B966 /* NodeView.swift */; };
		4B5E351B228BF3A000E6B966 /* AppDelegate.swift in Sources */ = {isa = PBXBuildFile; fileRef = 4B5E351A228BF3A000E6B966 /* AppDelegate.swift */; };
		4B5E351D228BF3A000E6B966 /* BridgeToAutoLayoutViewController.swift in Sources */ = {isa = PBXBuildFile; fileRef = 4B5E351C228BF3A000E6B966 /* BridgeToAutoLayoutViewController.swift */; };
		4B5E3520228BF3A000E6B966 /* Main.storyboard in Resources */ = {isa = PBXBuildFile; fileRef = 4B5E351E228BF3A000E6B966 /* Main.storyboard */; };
		4B5E3522228BF3A100E6B966 /* Assets.xcassets in Resources */ = {isa = PBXBuildFile; fileRef = 4B5E3521228BF3A000E6B966 /* Assets.xcassets */; };
		4B5E3525228BF3A100E6B966 /* LaunchScreen.storyboard in Resources */ = {isa = PBXBuildFile; fileRef = 4B5E3523228BF3A100E6B966 /* LaunchScreen.storyboard */; };
		4B5E352C228BF51000E6B966 /* TextureBridging.framework in Frameworks */ = {isa = PBXBuildFile; fileRef = 4BF2A956228A812100CB3870 /* TextureBridging.framework */; };
		4B5E352D228BF51000E6B966 /* TextureBridging.framework in Embed Frameworks */ = {isa = PBXBuildFile; fileRef = 4BF2A956228A812100CB3870 /* TextureBridging.framework */; settings = {ATTRIBUTES = (CodeSignOnCopy, RemoveHeadersOnCopy, ); }; };
		4B5E3530228BF56A00E6B966 /* Lorem.swift in Sources */ = {isa = PBXBuildFile; fileRef = 4B5E352F228BF56A00E6B966 /* Lorem.swift */; };
		4B5E3532228BF64500E6B966 /* Logger.swift in Sources */ = {isa = PBXBuildFile; fileRef = 4B5E3531228BF64500E6B966 /* Logger.swift */; };
		4B8AC2E4231CDFF1009AD236 /* DemoImageViewController.swift in Sources */ = {isa = PBXBuildFile; fileRef = 4B8AC2E3231CDFF1009AD236 /* DemoImageViewController.swift */; };
		4BF2A95B228A812100CB3870 /* TextureBridging.h in Headers */ = {isa = PBXBuildFile; fileRef = 4BF2A959228A812100CB3870 /* TextureBridging.h */; settings = {ATTRIBUTES = (Public, ); }; };
		540E3A1FD657EA36432DB0F9 /* Pods_TextureBridging.framework in Frameworks */ = {isa = PBXBuildFile; fileRef = 5114A756114C2BACD7844ED0 /* Pods_TextureBridging.framework */; };
/* End PBXBuildFile section */

/* Begin PBXContainerItemProxy section */
		4B5E352A228BF50C00E6B966 /* PBXContainerItemProxy */ = {
			isa = PBXContainerItemProxy;
			containerPortal = 4BF2A94D228A812100CB3870 /* Project object */;
			proxyType = 1;
			remoteGlobalIDString = 4BF2A955228A812100CB3870;
			remoteInfo = TextureBridging;
		};
/* End PBXContainerItemProxy section */

/* Begin PBXCopyFilesBuildPhase section */
		4B5E352E228BF51000E6B966 /* Embed Frameworks */ = {
			isa = PBXCopyFilesBuildPhase;
			buildActionMask = 2147483647;
			dstPath = "";
			dstSubfolderSpec = 10;
			files = (
				4B5E352D228BF51000E6B966 /* TextureBridging.framework in Embed Frameworks */,
			);
			name = "Embed Frameworks";
			runOnlyForDeploymentPostprocessing = 0;
		};
/* End PBXCopyFilesBuildPhase section */

/* Begin PBXFileReference section */
		148186B9622B02C43EAE77F2 /* Pods-TextureBridgingDemo.debug.xcconfig */ = {isa = PBXFileReference; includeInIndex = 1; lastKnownFileType = text.xcconfig; name = "Pods-TextureBridgingDemo.debug.xcconfig"; path = "Target Support Files/Pods-TextureBridgingDemo/Pods-TextureBridgingDemo.debug.xcconfig"; sourceTree = "<group>"; };
		220084C0BE766279A9EFB143 /* Pods-TextureBridging.release.xcconfig */ = {isa = PBXFileReference; includeInIndex = 1; lastKnownFileType = text.xcconfig; name = "Pods-TextureBridging.release.xcconfig"; path = "Target Support Files/Pods-TextureBridging/Pods-TextureBridging.release.xcconfig"; sourceTree = "<group>"; };
		447511A282EFE97220D4030B /* Pods_TextureBridgingDemo.framework */ = {isa = PBXFileReference; explicitFileType = wrapper.framework; includeInIndex = 0; path = Pods_TextureBridgingDemo.framework; sourceTree = BUILT_PRODUCTS_DIR; };
		4B5E3512228BEF4700E6B966 /* NodeView.swift */ = {isa = PBXFileReference; lastKnownFileType = sourcecode.swift; path = NodeView.swift; sourceTree = "<group>"; };
		4B5E3518228BF3A000E6B966 /* TextureBridgingDemo.app */ = {isa = PBXFileReference; explicitFileType = wrapper.application; includeInIndex = 0; path = TextureBridgingDemo.app; sourceTree = BUILT_PRODUCTS_DIR; };
		4B5E351A228BF3A000E6B966 /* AppDelegate.swift */ = {isa = PBXFileReference; lastKnownFileType = sourcecode.swift; path = AppDelegate.swift; sourceTree = "<group>"; };
		4B5E351C228BF3A000E6B966 /* BridgeToAutoLayoutViewController.swift */ = {isa = PBXFileReference; lastKnownFileType = sourcecode.swift; path = BridgeToAutoLayoutViewController.swift; sourceTree = "<group>"; };
		4B5E351F228BF3A000E6B966 /* Base */ = {isa = PBXFileReference; lastKnownFileType = file.storyboard; name = Base; path = Base.lproj/Main.storyboard; sourceTree = "<group>"; };
		4B5E3521228BF3A000E6B966 /* Assets.xcassets */ = {isa = PBXFileReference; lastKnownFileType = folder.assetcatalog; path = Assets.xcassets; sourceTree = "<group>"; };
		4B5E3524228BF3A100E6B966 /* Base */ = {isa = PBXFileReference; lastKnownFileType = file.storyboard; name = Base; path = Base.lproj/LaunchScreen.storyboard; sourceTree = "<group>"; };
		4B5E3526228BF3A100E6B966 /* Info.plist */ = {isa = PBXFileReference; lastKnownFileType = text.plist.xml; path = Info.plist; sourceTree = "<group>"; };
		4B5E352F228BF56A00E6B966 /* Lorem.swift */ = {isa = PBXFileReference; lastKnownFileType = sourcecode.swift; path = Lorem.swift; sourceTree = "<group>"; };
		4B5E3531228BF64500E6B966 /* Logger.swift */ = {isa = PBXFileReference; lastKnownFileType = sourcecode.swift; path = Logger.swift; sourceTree = "<group>"; };
		4B8AC2E3231CDFF1009AD236 /* DemoImageViewController.swift */ = {isa = PBXFileReference; lastKnownFileType = sourcecode.swift; path = DemoImageViewController.swift; sourceTree = "<group>"; };
		4BF239549C52EA9825FC5E8D /* Pods-TextureBridging.debug.xcconfig */ = {isa = PBXFileReference; includeInIndex = 1; lastKnownFileType = text.xcconfig; name = "Pods-TextureBridging.debug.xcconfig"; path = "Target Support Files/Pods-TextureBridging/Pods-TextureBridging.debug.xcconfig"; sourceTree = "<group>"; };
		4BF2A956228A812100CB3870 /* TextureBridging.framework */ = {isa = PBXFileReference; explicitFileType = wrapper.framework; includeInIndex = 0; path = TextureBridging.framework; sourceTree = BUILT_PRODUCTS_DIR; };
		4BF2A959228A812100CB3870 /* TextureBridging.h */ = {isa = PBXFileReference; lastKnownFileType = sourcecode.c.h; path = TextureBridging.h; sourceTree = "<group>"; };
		4BF2A95A228A812100CB3870 /* Info.plist */ = {isa = PBXFileReference; lastKnownFileType = text.plist.xml; path = Info.plist; sourceTree = "<group>"; };
		5058C3E052FCC5C8E31D0EF5 /* Pods-TextureBridgingDemo.release.xcconfig */ = {isa = PBXFileReference; includeInIndex = 1; lastKnownFileType = text.xcconfig; name = "Pods-TextureBridgingDemo.release.xcconfig"; path = "Target Support Files/Pods-TextureBridgingDemo/Pods-TextureBridgingDemo.release.xcconfig"; sourceTree = "<group>"; };
		5114A756114C2BACD7844ED0 /* Pods_TextureBridging.framework */ = {isa = PBXFileReference; explicitFileType = wrapper.framework; includeInIndex = 0; path = Pods_TextureBridging.framework; sourceTree = BUILT_PRODUCTS_DIR; };
/* End PBXFileReference section */

/* Begin PBXFrameworksBuildPhase section */
		4B5E3515228BF3A000E6B966 /* Frameworks */ = {
			isa = PBXFrameworksBuildPhase;
			buildActionMask = 2147483647;
			files = (
				4B5E352C228BF51000E6B966 /* TextureBridging.framework in Frameworks */,
				144DA2BFB5453DB6F8B3677A /* Pods_TextureBridgingDemo.framework in Frameworks */,
			);
			runOnlyForDeploymentPostprocessing = 0;
		};
		4BF2A953228A812100CB3870 /* Frameworks */ = {
			isa = PBXFrameworksBuildPhase;
			buildActionMask = 2147483647;
			files = (
				540E3A1FD657EA36432DB0F9 /* Pods_TextureBridging.framework in Frameworks */,
			);
			runOnlyForDeploymentPostprocessing = 0;
		};
/* End PBXFrameworksBuildPhase section */

/* Begin PBXGroup section */
		4B5E3519228BF3A000E6B966 /* TextureBridgingDemo */ = {
			isa = PBXGroup;
			children = (
				4B5E351A228BF3A000E6B966 /* AppDelegate.swift */,
				4B5E351C228BF3A000E6B966 /* BridgeToAutoLayoutViewController.swift */,
				4B8AC2E3231CDFF1009AD236 /* DemoImageViewController.swift */,
				4B5E352F228BF56A00E6B966 /* Lorem.swift */,
				4B5E351E228BF3A000E6B966 /* Main.storyboard */,
				4B5E3521228BF3A000E6B966 /* Assets.xcassets */,
				4B5E3523228BF3A100E6B966 /* LaunchScreen.storyboard */,
				4B5E3526228BF3A100E6B966 /* Info.plist */,
			);
			path = TextureBridgingDemo;
			sourceTree = "<group>";
		};
		4BF2A94C228A812100CB3870 = {
			isa = PBXGroup;
			children = (
				4BF2A958228A812100CB3870 /* TextureBridging */,
				4B5E3519228BF3A000E6B966 /* TextureBridgingDemo */,
				4BF2A957228A812100CB3870 /* Products */,
				AADBBC95B60DE0EBFCB9ACC3 /* Pods */,
				84CE255473394FD72E0E6274 /* Frameworks */,
			);
			sourceTree = "<group>";
		};
		4BF2A957228A812100CB3870 /* Products */ = {
			isa = PBXGroup;
			children = (
				4BF2A956228A812100CB3870 /* TextureBridging.framework */,
				4B5E3518228BF3A000E6B966 /* TextureBridgingDemo.app */,
			);
			name = Products;
			sourceTree = "<group>";
		};
		4BF2A958228A812100CB3870 /* TextureBridging */ = {
			isa = PBXGroup;
			children = (
				4BF2A959228A812100CB3870 /* TextureBridging.h */,
				4B5E3512228BEF4700E6B966 /* NodeView.swift */,
				4B5E3531228BF64500E6B966 /* Logger.swift */,
				4BF2A95A228A812100CB3870 /* Info.plist */,
			);
			path = TextureBridging;
			sourceTree = "<group>";
		};
		84CE255473394FD72E0E6274 /* Frameworks */ = {
			isa = PBXGroup;
			children = (
				5114A756114C2BACD7844ED0 /* Pods_TextureBridging.framework */,
				447511A282EFE97220D4030B /* Pods_TextureBridgingDemo.framework */,
			);
			name = Frameworks;
			sourceTree = "<group>";
		};
		AADBBC95B60DE0EBFCB9ACC3 /* Pods */ = {
			isa = PBXGroup;
			children = (
				4BF239549C52EA9825FC5E8D /* Pods-TextureBridging.debug.xcconfig */,
				220084C0BE766279A9EFB143 /* Pods-TextureBridging.release.xcconfig */,
				148186B9622B02C43EAE77F2 /* Pods-TextureBridgingDemo.debug.xcconfig */,
				5058C3E052FCC5C8E31D0EF5 /* Pods-TextureBridgingDemo.release.xcconfig */,
			);
			path = Pods;
			sourceTree = "<group>";
		};
/* End PBXGroup section */

/* Begin PBXHeadersBuildPhase section */
		4BF2A951228A812100CB3870 /* Headers */ = {
			isa = PBXHeadersBuildPhase;
			buildActionMask = 2147483647;
			files = (
				4BF2A95B228A812100CB3870 /* TextureBridging.h in Headers */,
			);
			runOnlyForDeploymentPostprocessing = 0;
		};
/* End PBXHeadersBuildPhase section */

/* Begin PBXNativeTarget section */
		4B5E3517228BF3A000E6B966 /* TextureBridgingDemo */ = {
			isa = PBXNativeTarget;
			buildConfigurationList = 4B5E3529228BF3A100E6B966 /* Build configuration list for PBXNativeTarget "TextureBridgingDemo" */;
			buildPhases = (
				15C1C7893A0F33757BC8517A /* [CP] Check Pods Manifest.lock */,
				4B5E3514228BF3A000E6B966 /* Sources */,
				4B5E3515228BF3A000E6B966 /* Frameworks */,
				4B5E3516228BF3A000E6B966 /* Resources */,
				DBFCD8C27A3475422D76E183 /* [CP] Embed Pods Frameworks */,
				4B5E352E228BF51000E6B966 /* Embed Frameworks */,
			);
			buildRules = (
			);
			dependencies = (
				4B5E352B228BF50C00E6B966 /* PBXTargetDependency */,
			);
			name = TextureBridgingDemo;
			productName = TextureBridgingDemo;
			productReference = 4B5E3518228BF3A000E6B966 /* TextureBridgingDemo.app */;
			productType = "com.apple.product-type.application";
		};
		4BF2A955228A812100CB3870 /* TextureBridging */ = {
			isa = PBXNativeTarget;
			buildConfigurationList = 4BF2A95E228A812100CB3870 /* Build configuration list for PBXNativeTarget "TextureBridging" */;
			buildPhases = (
				23DDD9708E100F41044391C2 /* [CP] Check Pods Manifest.lock */,
				4BF2A951228A812100CB3870 /* Headers */,
				4BF2A952228A812100CB3870 /* Sources */,
				4BF2A953228A812100CB3870 /* Frameworks */,
				4BF2A954228A812100CB3870 /* Resources */,
			);
			buildRules = (
			);
			dependencies = (
			);
			name = TextureBridging;
			productName = TextureBridging;
			productReference = 4BF2A956228A812100CB3870 /* TextureBridging.framework */;
			productType = "com.apple.product-type.framework";
		};
/* End PBXNativeTarget section */

/* Begin PBXProject section */
		4BF2A94D228A812100CB3870 /* Project object */ = {
			isa = PBXProject;
			attributes = {
				LastSwiftUpdateCheck = 1020;
				LastUpgradeCheck = 1020;
				ORGANIZATIONNAME = muukii;
				TargetAttributes = {
					4B5E3517228BF3A000E6B966 = {
						CreatedOnToolsVersion = 10.2;
					};
					4BF2A955228A812100CB3870 = {
						CreatedOnToolsVersion = 10.2;
						LastSwiftMigration = 1020;
					};
				};
			};
			buildConfigurationList = 4BF2A950228A812100CB3870 /* Build configuration list for PBXProject "TextureBridging" */;
			compatibilityVersion = "Xcode 9.3";
			developmentRegion = en;
			hasScannedForEncodings = 0;
			knownRegions = (
				en,
				Base,
			);
			mainGroup = 4BF2A94C228A812100CB3870;
			productRefGroup = 4BF2A957228A812100CB3870 /* Products */;
			projectDirPath = "";
			projectRoot = "";
			targets = (
				4BF2A955228A812100CB3870 /* TextureBridging */,
				4B5E3517228BF3A000E6B966 /* TextureBridgingDemo */,
			);
		};
/* End PBXProject section */

/* Begin PBXResourcesBuildPhase section */
		4B5E3516228BF3A000E6B966 /* Resources */ = {
			isa = PBXResourcesBuildPhase;
			buildActionMask = 2147483647;
			files = (
				4B5E3525228BF3A100E6B966 /* LaunchScreen.storyboard in Resources */,
				4B5E3522228BF3A100E6B966 /* Assets.xcassets in Resources */,
				4B5E3520228BF3A000E6B966 /* Main.storyboard in Resources */,
			);
			runOnlyForDeploymentPostprocessing = 0;
		};
		4BF2A954228A812100CB3870 /* Resources */ = {
			isa = PBXResourcesBuildPhase;
			buildActionMask = 2147483647;
			files = (
			);
			runOnlyForDeploymentPostprocessing = 0;
		};
/* End PBXResourcesBuildPhase section */

/* Begin PBXShellScriptBuildPhase section */
		15C1C7893A0F33757BC8517A /* [CP] Check Pods Manifest.lock */ = {
			isa = PBXShellScriptBuildPhase;
			buildActionMask = 2147483647;
			files = (
			);
			inputFileListPaths = (
			);
			inputPaths = (
				"${PODS_PODFILE_DIR_PATH}/Podfile.lock",
				"${PODS_ROOT}/Manifest.lock",
			);
			name = "[CP] Check Pods Manifest.lock";
			outputFileListPaths = (
			);
			outputPaths = (
				"$(DERIVED_FILE_DIR)/Pods-TextureBridgingDemo-checkManifestLockResult.txt",
			);
			runOnlyForDeploymentPostprocessing = 0;
			shellPath = /bin/sh;
			shellScript = "diff \"${PODS_PODFILE_DIR_PATH}/Podfile.lock\" \"${PODS_ROOT}/Manifest.lock\" > /dev/null\nif [ $? != 0 ] ; then\n    # print error to STDERR\n    echo \"error: The sandbox is not in sync with the Podfile.lock. Run 'pod install' or update your CocoaPods installation.\" >&2\n    exit 1\nfi\n# This output is used by Xcode 'outputs' to avoid re-running this script phase.\necho \"SUCCESS\" > \"${SCRIPT_OUTPUT_FILE_0}\"\n";
			showEnvVarsInLog = 0;
		};
		23DDD9708E100F41044391C2 /* [CP] Check Pods Manifest.lock */ = {
			isa = PBXShellScriptBuildPhase;
			buildActionMask = 2147483647;
			files = (
			);
			inputFileListPaths = (
			);
			inputPaths = (
				"${PODS_PODFILE_DIR_PATH}/Podfile.lock",
				"${PODS_ROOT}/Manifest.lock",
			);
			name = "[CP] Check Pods Manifest.lock";
			outputFileListPaths = (
			);
			outputPaths = (
				"$(DERIVED_FILE_DIR)/Pods-TextureBridging-checkManifestLockResult.txt",
			);
			runOnlyForDeploymentPostprocessing = 0;
			shellPath = /bin/sh;
			shellScript = "diff \"${PODS_PODFILE_DIR_PATH}/Podfile.lock\" \"${PODS_ROOT}/Manifest.lock\" > /dev/null\nif [ $? != 0 ] ; then\n    # print error to STDERR\n    echo \"error: The sandbox is not in sync with the Podfile.lock. Run 'pod install' or update your CocoaPods installation.\" >&2\n    exit 1\nfi\n# This output is used by Xcode 'outputs' to avoid re-running this script phase.\necho \"SUCCESS\" > \"${SCRIPT_OUTPUT_FILE_0}\"\n";
			showEnvVarsInLog = 0;
		};
		DBFCD8C27A3475422D76E183 /* [CP] Embed Pods Frameworks */ = {
			isa = PBXShellScriptBuildPhase;
			buildActionMask = 2147483647;
			files = (
			);
			inputFileListPaths = (
			);
			inputPaths = (
				"${PODS_ROOT}/Target Support Files/Pods-TextureBridgingDemo/Pods-TextureBridgingDemo-frameworks.sh",
				"${BUILT_PRODUCTS_DIR}/Texture/AsyncDisplayKit.framework",
				"${BUILT_PRODUCTS_DIR}/EasyPeasy/EasyPeasy.framework",
				"${BUILT_PRODUCTS_DIR}/TypedTextAttributes/TypedTextAttributes.framework",
			);
			name = "[CP] Embed Pods Frameworks";
			outputFileListPaths = (
			);
			outputPaths = (
				"${TARGET_BUILD_DIR}/${FRAMEWORKS_FOLDER_PATH}/AsyncDisplayKit.framework",
				"${TARGET_BUILD_DIR}/${FRAMEWORKS_FOLDER_PATH}/EasyPeasy.framework",
				"${TARGET_BUILD_DIR}/${FRAMEWORKS_FOLDER_PATH}/TypedTextAttributes.framework",
			);
			runOnlyForDeploymentPostprocessing = 0;
			shellPath = /bin/sh;
			shellScript = "\"${PODS_ROOT}/Target Support Files/Pods-TextureBridgingDemo/Pods-TextureBridgingDemo-frameworks.sh\"\n";
			showEnvVarsInLog = 0;
		};
/* End PBXShellScriptBuildPhase section */

/* Begin PBXSourcesBuildPhase section */
		4B5E3514228BF3A000E6B966 /* Sources */ = {
			isa = PBXSourcesBuildPhase;
			buildActionMask = 2147483647;
			files = (
				4B5E351D228BF3A000E6B966 /* BridgeToAutoLayoutViewController.swift in Sources */,
				4B5E3530228BF56A00E6B966 /* Lorem.swift in Sources */,
				4B5E351B228BF3A000E6B966 /* AppDelegate.swift in Sources */,
				4B8AC2E4231CDFF1009AD236 /* DemoImageViewController.swift in Sources */,
			);
			runOnlyForDeploymentPostprocessing = 0;
		};
		4BF2A952228A812100CB3870 /* Sources */ = {
			isa = PBXSourcesBuildPhase;
			buildActionMask = 2147483647;
			files = (
				4B5E3513228BEF4700E6B966 /* NodeView.swift in Sources */,
				4B5E3532228BF64500E6B966 /* Logger.swift in Sources */,
			);
			runOnlyForDeploymentPostprocessing = 0;
		};
/* End PBXSourcesBuildPhase section */

/* Begin PBXTargetDependency section */
		4B5E352B228BF50C00E6B966 /* PBXTargetDependency */ = {
			isa = PBXTargetDependency;
			target = 4BF2A955228A812100CB3870 /* TextureBridging */;
			targetProxy = 4B5E352A228BF50C00E6B966 /* PBXContainerItemProxy */;
		};
/* End PBXTargetDependency section */

/* Begin PBXVariantGroup section */
		4B5E351E228BF3A000E6B966 /* Main.storyboard */ = {
			isa = PBXVariantGroup;
			children = (
				4B5E351F228BF3A000E6B966 /* Base */,
			);
			name = Main.storyboard;
			sourceTree = "<group>";
		};
		4B5E3523228BF3A100E6B966 /* LaunchScreen.storyboard */ = {
			isa = PBXVariantGroup;
			children = (
				4B5E3524228BF3A100E6B966 /* Base */,
			);
			name = LaunchScreen.storyboard;
			sourceTree = "<group>";
		};
/* End PBXVariantGroup section */

/* Begin XCBuildConfiguration section */
		4B5E3527228BF3A100E6B966 /* Debug */ = {
			isa = XCBuildConfiguration;
			baseConfigurationReference = 148186B9622B02C43EAE77F2 /* Pods-TextureBridgingDemo.debug.xcconfig */;
			buildSettings = {
				ALWAYS_EMBED_SWIFT_STANDARD_LIBRARIES = YES;
				ASSETCATALOG_COMPILER_APPICON_NAME = AppIcon;
				CODE_SIGN_STYLE = Automatic;
				INFOPLIST_FILE = TextureBridgingDemo/Info.plist;
				IPHONEOS_DEPLOYMENT_TARGET = 11;
				LD_RUNPATH_SEARCH_PATHS = (
					"$(inherited)",
					"@executable_path/Frameworks",
				);
				PRODUCT_BUNDLE_IDENTIFIER = me.muukii.TextureBridgingDemo;
				PRODUCT_NAME = "$(TARGET_NAME)";
				SWIFT_VERSION = 5.0;
				TARGETED_DEVICE_FAMILY = "1,2";
			};
			name = Debug;
		};
		4B5E3528228BF3A100E6B966 /* Release */ = {
			isa = XCBuildConfiguration;
			baseConfigurationReference = 5058C3E052FCC5C8E31D0EF5 /* Pods-TextureBridgingDemo.release.xcconfig */;
			buildSettings = {
				ALWAYS_EMBED_SWIFT_STANDARD_LIBRARIES = YES;
				ASSETCATALOG_COMPILER_APPICON_NAME = AppIcon;
				CODE_SIGN_STYLE = Automatic;
				INFOPLIST_FILE = TextureBridgingDemo/Info.plist;
				IPHONEOS_DEPLOYMENT_TARGET = 11;
				LD_RUNPATH_SEARCH_PATHS = (
					"$(inherited)",
					"@executable_path/Frameworks",
				);
				PRODUCT_BUNDLE_IDENTIFIER = me.muukii.TextureBridgingDemo;
				PRODUCT_NAME = "$(TARGET_NAME)";
				SWIFT_VERSION = 5.0;
				TARGETED_DEVICE_FAMILY = "1,2";
			};
			name = Release;
		};
		4BF2A95C228A812100CB3870 /* Debug */ = {
			isa = XCBuildConfiguration;
			buildSettings = {
				ALWAYS_SEARCH_USER_PATHS = NO;
				CLANG_ANALYZER_NONNULL = YES;
				CLANG_ANALYZER_NUMBER_OBJECT_CONVERSION = YES_AGGRESSIVE;
				CLANG_CXX_LANGUAGE_STANDARD = "gnu++14";
				CLANG_CXX_LIBRARY = "libc++";
				CLANG_ENABLE_MODULES = YES;
				CLANG_ENABLE_OBJC_ARC = YES;
				CLANG_ENABLE_OBJC_WEAK = YES;
				CLANG_WARN_BLOCK_CAPTURE_AUTORELEASING = YES;
				CLANG_WARN_BOOL_CONVERSION = YES;
				CLANG_WARN_COMMA = YES;
				CLANG_WARN_CONSTANT_CONVERSION = YES;
				CLANG_WARN_DEPRECATED_OBJC_IMPLEMENTATIONS = YES;
				CLANG_WARN_DIRECT_OBJC_ISA_USAGE = YES_ERROR;
				CLANG_WARN_DOCUMENTATION_COMMENTS = YES;
				CLANG_WARN_EMPTY_BODY = YES;
				CLANG_WARN_ENUM_CONVERSION = YES;
				CLANG_WARN_INFINITE_RECURSION = YES;
				CLANG_WARN_INT_CONVERSION = YES;
				CLANG_WARN_NON_LITERAL_NULL_CONVERSION = YES;
				CLANG_WARN_OBJC_IMPLICIT_RETAIN_SELF = YES;
				CLANG_WARN_OBJC_LITERAL_CONVERSION = YES;
				CLANG_WARN_OBJC_ROOT_CLASS = YES_ERROR;
				CLANG_WARN_RANGE_LOOP_ANALYSIS = YES;
				CLANG_WARN_STRICT_PROTOTYPES = YES;
				CLANG_WARN_SUSPICIOUS_MOVE = YES;
				CLANG_WARN_UNGUARDED_AVAILABILITY = YES_AGGRESSIVE;
				CLANG_WARN_UNREACHABLE_CODE = YES;
				CLANG_WARN__DUPLICATE_METHOD_MATCH = YES;
				CODE_SIGN_IDENTITY = "iPhone Developer";
				COPY_PHASE_STRIP = NO;
				CURRENT_PROJECT_VERSION = 1;
				DEBUG_INFORMATION_FORMAT = dwarf;
				ENABLE_STRICT_OBJC_MSGSEND = YES;
				ENABLE_TESTABILITY = YES;
				GCC_C_LANGUAGE_STANDARD = gnu11;
				GCC_DYNAMIC_NO_PIC = NO;
				GCC_NO_COMMON_BLOCKS = YES;
				GCC_OPTIMIZATION_LEVEL = 0;
				GCC_PREPROCESSOR_DEFINITIONS = (
					"DEBUG=1",
					"$(inherited)",
				);
				GCC_WARN_64_TO_32_BIT_CONVERSION = YES;
				GCC_WARN_ABOUT_RETURN_TYPE = YES_ERROR;
				GCC_WARN_UNDECLARED_SELECTOR = YES;
				GCC_WARN_UNINITIALIZED_AUTOS = YES_AGGRESSIVE;
				GCC_WARN_UNUSED_FUNCTION = YES;
				GCC_WARN_UNUSED_VARIABLE = YES;
				IPHONEOS_DEPLOYMENT_TARGET = 10.0;
				MTL_ENABLE_DEBUG_INFO = INCLUDE_SOURCE;
				MTL_FAST_MATH = YES;
				ONLY_ACTIVE_ARCH = YES;
				SDKROOT = iphoneos;
				SWIFT_ACTIVE_COMPILATION_CONDITIONS = DEBUG;
				SWIFT_OPTIMIZATION_LEVEL = "-Onone";
				VERSIONING_SYSTEM = "apple-generic";
				VERSION_INFO_PREFIX = "";
			};
			name = Debug;
		};
		4BF2A95D228A812100CB3870 /* Release */ = {
			isa = XCBuildConfiguration;
			buildSettings = {
				ALWAYS_SEARCH_USER_PATHS = NO;
				CLANG_ANALYZER_NONNULL = YES;
				CLANG_ANALYZER_NUMBER_OBJECT_CONVERSION = YES_AGGRESSIVE;
				CLANG_CXX_LANGUAGE_STANDARD = "gnu++14";
				CLANG_CXX_LIBRARY = "libc++";
				CLANG_ENABLE_MODULES = YES;
				CLANG_ENABLE_OBJC_ARC = YES;
				CLANG_ENABLE_OBJC_WEAK = YES;
				CLANG_WARN_BLOCK_CAPTURE_AUTORELEASING = YES;
				CLANG_WARN_BOOL_CONVERSION = YES;
				CLANG_WARN_COMMA = YES;
				CLANG_WARN_CONSTANT_CONVERSION = YES;
				CLANG_WARN_DEPRECATED_OBJC_IMPLEMENTATIONS = YES;
				CLANG_WARN_DIRECT_OBJC_ISA_USAGE = YES_ERROR;
				CLANG_WARN_DOCUMENTATION_COMMENTS = YES;
				CLANG_WARN_EMPTY_BODY = YES;
				CLANG_WARN_ENUM_CONVERSION = YES;
				CLANG_WARN_INFINITE_RECURSION = YES;
				CLANG_WARN_INT_CONVERSION = YES;
				CLANG_WARN_NON_LITERAL_NULL_CONVERSION = YES;
				CLANG_WARN_OBJC_IMPLICIT_RETAIN_SELF = YES;
				CLANG_WARN_OBJC_LITERAL_CONVERSION = YES;
				CLANG_WARN_OBJC_ROOT_CLASS = YES_ERROR;
				CLANG_WARN_RANGE_LOOP_ANALYSIS = YES;
				CLANG_WARN_STRICT_PROTOTYPES = YES;
				CLANG_WARN_SUSPICIOUS_MOVE = YES;
				CLANG_WARN_UNGUARDED_AVAILABILITY = YES_AGGRESSIVE;
				CLANG_WARN_UNREACHABLE_CODE = YES;
				CLANG_WARN__DUPLICATE_METHOD_MATCH = YES;
				CODE_SIGN_IDENTITY = "iPhone Developer";
				COPY_PHASE_STRIP = NO;
				CURRENT_PROJECT_VERSION = 1;
				DEBUG_INFORMATION_FORMAT = "dwarf-with-dsym";
				ENABLE_NS_ASSERTIONS = NO;
				ENABLE_STRICT_OBJC_MSGSEND = YES;
				GCC_C_LANGUAGE_STANDARD = gnu11;
				GCC_NO_COMMON_BLOCKS = YES;
				GCC_WARN_64_TO_32_BIT_CONVERSION = YES;
				GCC_WARN_ABOUT_RETURN_TYPE = YES_ERROR;
				GCC_WARN_UNDECLARED_SELECTOR = YES;
				GCC_WARN_UNINITIALIZED_AUTOS = YES_AGGRESSIVE;
				GCC_WARN_UNUSED_FUNCTION = YES;
				GCC_WARN_UNUSED_VARIABLE = YES;
				IPHONEOS_DEPLOYMENT_TARGET = 10.0;
				MTL_ENABLE_DEBUG_INFO = NO;
				MTL_FAST_MATH = YES;
				SDKROOT = iphoneos;
				SWIFT_COMPILATION_MODE = wholemodule;
				SWIFT_OPTIMIZATION_LEVEL = "-O";
				VALIDATE_PRODUCT = YES;
				VERSIONING_SYSTEM = "apple-generic";
				VERSION_INFO_PREFIX = "";
			};
			name = Release;
		};
		4BF2A95F228A812100CB3870 /* Debug */ = {
			isa = XCBuildConfiguration;
			baseConfigurationReference = 4BF239549C52EA9825FC5E8D /* Pods-TextureBridging.debug.xcconfig */;
			buildSettings = {
				CLANG_ENABLE_MODULES = YES;
				CODE_SIGN_IDENTITY = "";
				CODE_SIGN_STYLE = Automatic;
				DEFINES_MODULE = YES;
				DYLIB_COMPATIBILITY_VERSION = 1;
				DYLIB_CURRENT_VERSION = 1;
				DYLIB_INSTALL_NAME_BASE = "@rpath";
				GCC_PREPROCESSOR_DEFINITIONS = (
					"$(inherited)",
					"COCOAPODS=1",
					"TextureBridging_DEBUG=1",
				);
				INFOPLIST_FILE = TextureBridging/Info.plist;
				INSTALL_PATH = "$(LOCAL_LIBRARY_DIR)/Frameworks";
				LD_RUNPATH_SEARCH_PATHS = (
					"$(inherited)",
					"@executable_path/Frameworks",
					"@loader_path/Frameworks",
				);
				PRODUCT_BUNDLE_IDENTIFIER = me.muukii.TextureBridging;
				PRODUCT_NAME = "$(TARGET_NAME:c99extidentifier)";
				SKIP_INSTALL = YES;
				SWIFT_OPTIMIZATION_LEVEL = "-Onone";
				SWIFT_VERSION = 5.0;
				TARGETED_DEVICE_FAMILY = "1,2";
			};
			name = Debug;
		};
		4BF2A960228A812100CB3870 /* Release */ = {
			isa = XCBuildConfiguration;
			baseConfigurationReference = 220084C0BE766279A9EFB143 /* Pods-TextureBridging.release.xcconfig */;
			buildSettings = {
				CLANG_ENABLE_MODULES = YES;
				CODE_SIGN_IDENTITY = "";
				CODE_SIGN_STYLE = Automatic;
				DEFINES_MODULE = YES;
				DYLIB_COMPATIBILITY_VERSION = 1;
				DYLIB_CURRENT_VERSION = 1;
				DYLIB_INSTALL_NAME_BASE = "@rpath";
				INFOPLIST_FILE = TextureBridging/Info.plist;
				INSTALL_PATH = "$(LOCAL_LIBRARY_DIR)/Frameworks";
				LD_RUNPATH_SEARCH_PATHS = (
					"$(inherited)",
					"@executable_path/Frameworks",
					"@loader_path/Frameworks",
				);
				PRODUCT_BUNDLE_IDENTIFIER = me.muukii.TextureBridging;
				PRODUCT_NAME = "$(TARGET_NAME:c99extidentifier)";
				SKIP_INSTALL = YES;
				SWIFT_VERSION = 5.0;
				TARGETED_DEVICE_FAMILY = "1,2";
			};
			name = Release;
		};
/* End XCBuildConfiguration section */

/* Begin XCConfigurationList section */
		4B5E3529228BF3A100E6B966 /* Build configuration list for PBXNativeTarget "TextureBridgingDemo" */ = {
			isa = XCConfigurationList;
			buildConfigurations = (
				4B5E3527228BF3A100E6B966 /* Debug */,
				4B5E3528228BF3A100E6B966 /* Release */,
			);
			defaultConfigurationIsVisible = 0;
			defaultConfigurationName = Release;
		};
		4BF2A950228A812100CB3870 /* Build configuration list for PBXProject "TextureBridging" */ = {
			isa = XCConfigurationList;
			buildConfigurations = (
				4BF2A95C228A812100CB3870 /* Debug */,
				4BF2A95D228A812100CB3870 /* Release */,
			);
			defaultConfigurationIsVisible = 0;
			defaultConfigurationName = Release;
		};
		4BF2A95E228A812100CB3870 /* Build configuration list for PBXNativeTarget "TextureBridging" */ = {
			isa = XCConfigurationList;
			buildConfigurations = (
				4BF2A95F228A812100CB3870 /* Debug */,
				4BF2A960228A812100CB3870 /* Release */,
			);
			defaultConfigurationIsVisible = 0;
			defaultConfigurationName = Release;
		};
/* End XCConfigurationList section */
	};
	rootObject = 4BF2A94D228A812100CB3870 /* Project object */;
}
